// !$*UTF8*$!
{
	archiveVersion = 1;
	classes = {
	};
	objectVersion = 50;
	objects = {

/* Begin PBXBuildFile section */
		2B3819FE239B62D8000B0A49 /* MKPointAnnotation-ObeservableObject.swift in Sources */ = {isa = PBXBuildFile; fileRef = 2B3819FD239B62D8000B0A49 /* MKPointAnnotation-ObeservableObject.swift */; };
		2B381A00239B6350000B0A49 /* EditView.swift in Sources */ = {isa = PBXBuildFile; fileRef = 2B3819FF239B6350000B0A49 /* EditView.swift */; };
		2B381A02239B6560000B0A49 /* Result.swift in Sources */ = {isa = PBXBuildFile; fileRef = 2B381A01239B6560000B0A49 /* Result.swift */; };
		2BAC912C239A0E56004793C5 /* AppDelegate.swift in Sources */ = {isa = PBXBuildFile; fileRef = 2BAC912B239A0E56004793C5 /* AppDelegate.swift */; };
		2BAC912E239A0E56004793C5 /* SceneDelegate.swift in Sources */ = {isa = PBXBuildFile; fileRef = 2BAC912D239A0E56004793C5 /* SceneDelegate.swift */; };
		2BAC9130239A0E56004793C5 /* ContentView.swift in Sources */ = {isa = PBXBuildFile; fileRef = 2BAC912F239A0E56004793C5 /* ContentView.swift */; };
		2BAC9132239A0E59004793C5 /* Assets.xcassets in Resources */ = {isa = PBXBuildFile; fileRef = 2BAC9131239A0E59004793C5 /* Assets.xcassets */; };
		2BAC9135239A0E59004793C5 /* Preview Assets.xcassets in Resources */ = {isa = PBXBuildFile; fileRef = 2BAC9134239A0E59004793C5 /* Preview Assets.xcassets */; };
		2BAC9138239A0E59004793C5 /* LaunchScreen.storyboard in Resources */ = {isa = PBXBuildFile; fileRef = 2BAC9136239A0E59004793C5 /* LaunchScreen.storyboard */; };
		2BAC9140239A0EDE004793C5 /* MapView.swift in Sources */ = {isa = PBXBuildFile; fileRef = 2BAC913F239A0EDE004793C5 /* MapView.swift */; };
/* End PBXBuildFile section */

/* Begin PBXFileReference section */
		2B3819FD239B62D8000B0A49 /* MKPointAnnotation-ObeservableObject.swift */ = {isa = PBXFileReference; lastKnownFileType = sourcecode.swift; path = "MKPointAnnotation-ObeservableObject.swift"; sourceTree = "<group>"; };
		2B3819FF239B6350000B0A49 /* EditView.swift */ = {isa = PBXFileReference; lastKnownFileType = sourcecode.swift; path = EditView.swift; sourceTree = "<group>"; };
		2B381A01239B6560000B0A49 /* Result.swift */ = {isa = PBXFileReference; lastKnownFileType = sourcecode.swift; path = Result.swift; sourceTree = "<group>"; };
		2BAC9128239A0E56004793C5 /* BucketList.app */ = {isa = PBXFileReference; explicitFileType = wrapper.application; includeInIndex = 0; path = BucketList.app; sourceTree = BUILT_PRODUCTS_DIR; };
		2BAC912B239A0E56004793C5 /* AppDelegate.swift */ = {isa = PBXFileReference; lastKnownFileType = sourcecode.swift; path = AppDelegate.swift; sourceTree = "<group>"; };
		2BAC912D239A0E56004793C5 /* SceneDelegate.swift */ = {isa = PBXFileReference; lastKnownFileType = sourcecode.swift; path = SceneDelegate.swift; sourceTree = "<group>"; };
		2BAC912F239A0E56004793C5 /* ContentView.swift */ = {isa = PBXFileReference; lastKnownFileType = sourcecode.swift; path = ContentView.swift; sourceTree = "<group>"; };
		2BAC9131239A0E59004793C5 /* Assets.xcassets */ = {isa = PBXFileReference; lastKnownFileType = folder.assetcatalog; path = Assets.xcassets; sourceTree = "<group>"; };
		2BAC9134239A0E59004793C5 /* Preview Assets.xcassets */ = {isa = PBXFileReference; lastKnownFileType = folder.assetcatalog; path = "Preview Assets.xcassets"; sourceTree = "<group>"; };
		2BAC9137239A0E59004793C5 /* Base */ = {isa = PBXFileReference; lastKnownFileType = file.storyboard; name = Base; path = Base.lproj/LaunchScreen.storyboard; sourceTree = "<group>"; };
		2BAC9139239A0E59004793C5 /* Info.plist */ = {isa = PBXFileReference; lastKnownFileType = text.plist.xml; path = Info.plist; sourceTree = "<group>"; };
		2BAC913F239A0EDE004793C5 /* MapView.swift */ = {isa = PBXFileReference; lastKnownFileType = sourcecode.swift; path = MapView.swift; sourceTree = "<group>"; };
/* End PBXFileReference section */

/* Begin PBXFrameworksBuildPhase section */
		2BAC9125239A0E56004793C5 /* Frameworks */ = {
			isa = PBXFrameworksBuildPhase;
			buildActionMask = 2147483647;
			files = (
			);
			runOnlyForDeploymentPostprocessing = 0;
		};
/* End PBXFrameworksBuildPhase section */

/* Begin PBXGroup section */
		2BAC911F239A0E56004793C5 = {
			isa = PBXGroup;
			children = (
				2BAC912A239A0E56004793C5 /* BucketList */,
				2BAC9129239A0E56004793C5 /* Products */,
			);
			sourceTree = "<group>";
		};
		2BAC9129239A0E56004793C5 /* Products */ = {
			isa = PBXGroup;
			children = (
				2BAC9128239A0E56004793C5 /* BucketList.app */,
			);
			name = Products;
			sourceTree = "<group>";
		};
		2BAC912A239A0E56004793C5 /* BucketList */ = {
			isa = PBXGroup;
			children = (
				2BAC912B239A0E56004793C5 /* AppDelegate.swift */,
				2BAC912D239A0E56004793C5 /* SceneDelegate.swift */,
				2BAC912F239A0E56004793C5 /* ContentView.swift */,
				2BAC913F239A0EDE004793C5 /* MapView.swift */,
				2B3819FF239B6350000B0A49 /* EditView.swift */,
				2B381A01239B6560000B0A49 /* Result.swift */,
				2B3819FD239B62D8000B0A49 /* MKPointAnnotation-ObeservableObject.swift */,
				2BAC9131239A0E59004793C5 /* Assets.xcassets */,
				2BAC9136239A0E59004793C5 /* LaunchScreen.storyboard */,
				2BAC9139239A0E59004793C5 /* Info.plist */,
				2BAC9133239A0E59004793C5 /* Preview Content */,
			);
			path = BucketList;
			sourceTree = "<group>";
		};
		2BAC9133239A0E59004793C5 /* Preview Content */ = {
			isa = PBXGroup;
			children = (
				2BAC9134239A0E59004793C5 /* Preview Assets.xcassets */,
			);
			path = "Preview Content";
			sourceTree = "<group>";
		};
/* End PBXGroup section */

/* Begin PBXNativeTarget section */
		2BAC9127239A0E56004793C5 /* BucketList */ = {
			isa = PBXNativeTarget;
			buildConfigurationList = 2BAC913C239A0E59004793C5 /* Build configuration list for PBXNativeTarget "BucketList" */;
			buildPhases = (
				2BAC9124239A0E56004793C5 /* Sources */,
				2BAC9125239A0E56004793C5 /* Frameworks */,
				2BAC9126239A0E56004793C5 /* Resources */,
			);
			buildRules = (
			);
			dependencies = (
			);
			name = BucketList;
			productName = BucketList;
			productReference = 2BAC9128239A0E56004793C5 /* BucketList.app */;
			productType = "com.apple.product-type.application";
		};
/* End PBXNativeTarget section */

/* Begin PBXProject section */
		2BAC9120239A0E56004793C5 /* Project object */ = {
			isa = PBXProject;
			attributes = {
				LastSwiftUpdateCheck = 1120;
				LastUpgradeCheck = 1120;
				ORGANIZATIONNAME = PBB;
				TargetAttributes = {
					2BAC9127239A0E56004793C5 = {
						CreatedOnToolsVersion = 11.2.1;
					};
				};
			};
			buildConfigurationList = 2BAC9123239A0E56004793C5 /* Build configuration list for PBXProject "BucketList" */;
			compatibilityVersion = "Xcode 9.3";
			developmentRegion = en;
			hasScannedForEncodings = 0;
			knownRegions = (
				en,
				Base,
			);
			mainGroup = 2BAC911F239A0E56004793C5;
			productRefGroup = 2BAC9129239A0E56004793C5 /* Products */;
			projectDirPath = "";
			projectRoot = "";
			targets = (
				2BAC9127239A0E56004793C5 /* BucketList */,
			);
		};
/* End PBXProject section */

/* Begin PBXResourcesBuildPhase section */
		2BAC9126239A0E56004793C5 /* Resources */ = {
			isa = PBXResourcesBuildPhase;
			buildActionMask = 2147483647;
			files = (
				2BAC9138239A0E59004793C5 /* LaunchScreen.storyboard in Resources */,
				2BAC9135239A0E59004793C5 /* Preview Assets.xcassets in Resources */,
				2BAC9132239A0E59004793C5 /* Assets.xcassets in Resources */,
			);
			runOnlyForDeploymentPostprocessing = 0;
		};
/* End PBXResourcesBuildPhase section */

/* Begin PBXSourcesBuildPhase section */
		2BAC9124239A0E56004793C5 /* Sources */ = {
			isa = PBXSourcesBuildPhase;
			buildActionMask = 2147483647;
			files = (
				2BAC912C239A0E56004793C5 /* AppDelegate.swift in Sources */,
				2BAC9140239A0EDE004793C5 /* MapView.swift in Sources */,
				2B381A00239B6350000B0A49 /* EditView.swift in Sources */,
				2BAC912E239A0E56004793C5 /* SceneDelegate.swift in Sources */,
				2B381A02239B6560000B0A49 /* Result.swift in Sources */,
				2B3819FE239B62D8000B0A49 /* MKPointAnnotation-ObeservableObject.swift in Sources */,
				2BAC9130239A0E56004793C5 /* ContentView.swift in Sources */,
			);
			runOnlyForDeploymentPostprocessing = 0;
		};
/* End PBXSourcesBuildPhase section */

/* Begin PBXVariantGroup section */
		2BAC9136239A0E59004793C5 /* LaunchScreen.storyboard */ = {
			isa = PBXVariantGroup;
			children = (
				2BAC9137239A0E59004793C5 /* Base */,
			);
			name = LaunchScreen.storyboard;
			sourceTree = "<group>";
		};
/* End PBXVariantGroup section */

/* Begin XCBuildConfiguration section */
		2BAC913A239A0E59004793C5 /* Debug */ = {
			isa = XCBuildConfiguration;
			buildSettings = {
				ALWAYS_SEARCH_USER_PATHS = NO;
				CLANG_ANALYZER_NONNULL = YES;
				CLANG_ANALYZER_NUMBER_OBJECT_CONVERSION = YES_AGGRESSIVE;
				CLANG_CXX_LANGUAGE_STANDARD = "gnu++14";
				CLANG_CXX_LIBRARY = "libc++";
				CLANG_ENABLE_MODULES = YES;
				CLANG_ENABLE_OBJC_ARC = YES;
				CLANG_ENABLE_OBJC_WEAK = YES;
				CLANG_WARN_BLOCK_CAPTURE_AUTORELEASING = YES;
				CLANG_WARN_BOOL_CONVERSION = YES;
				CLANG_WARN_COMMA = YES;
				CLANG_WARN_CONSTANT_CONVERSION = YES;
				CLANG_WARN_DEPRECATED_OBJC_IMPLEMENTATIONS = YES;
				CLANG_WARN_DIRECT_OBJC_ISA_USAGE = YES_ERROR;
				CLANG_WARN_DOCUMENTATION_COMMENTS = YES;
				CLANG_WARN_EMPTY_BODY = YES;
				CLANG_WARN_ENUM_CONVERSION = YES;
				CLANG_WARN_INFINITE_RECURSION = YES;
				CLANG_WARN_INT_CONVERSION = YES;
				CLANG_WARN_NON_LITERAL_NULL_CONVERSION = YES;
				CLANG_WARN_OBJC_IMPLICIT_RETAIN_SELF = YES;
				CLANG_WARN_OBJC_LITERAL_CONVERSION = YES;
				CLANG_WARN_OBJC_ROOT_CLASS = YES_ERROR;
				CLANG_WARN_RANGE_LOOP_ANALYSIS = YES;
				CLANG_WARN_STRICT_PROTOTYPES = YES;
				CLANG_WARN_SUSPICIOUS_MOVE = YES;
				CLANG_WARN_UNGUARDED_AVAILABILITY = YES_AGGRESSIVE;
				CLANG_WARN_UNREACHABLE_CODE = YES;
				CLANG_WARN__DUPLICATE_METHOD_MATCH = YES;
				COPY_PHASE_STRIP = NO;
				DEBUG_INFORMATION_FORMAT = dwarf;
				ENABLE_STRICT_OBJC_MSGSEND = YES;
				ENABLE_TESTABILITY = YES;
				GCC_C_LANGUAGE_STANDARD = gnu11;
				GCC_DYNAMIC_NO_PIC = NO;
				GCC_NO_COMMON_BLOCKS = YES;
				GCC_OPTIMIZATION_LEVEL = 0;
				GCC_PREPROCESSOR_DEFINITIONS = (
					"DEBUG=1",
					"$(inherited)",
				);
				GCC_WARN_64_TO_32_BIT_CONVERSION = YES;
				GCC_WARN_ABOUT_RETURN_TYPE = YES_ERROR;
				GCC_WARN_UNDECLARED_SELECTOR = YES;
				GCC_WARN_UNINITIALIZED_AUTOS = YES_AGGRESSIVE;
				GCC_WARN_UNUSED_FUNCTION = YES;
				GCC_WARN_UNUSED_VARIABLE = YES;
				IPHONEOS_DEPLOYMENT_TARGET = 13.2;
				MTL_ENABLE_DEBUG_INFO = INCLUDE_SOURCE;
				MTL_FAST_MATH = YES;
				ONLY_ACTIVE_ARCH = YES;
				SDKROOT = iphoneos;
				SWIFT_ACTIVE_COMPILATION_CONDITIONS = DEBUG;
				SWIFT_OPTIMIZATION_LEVEL = "-Onone";
			};
			name = Debug;
		};
		2BAC913B239A0E59004793C5 /* Release */ = {
			isa = XCBuildConfiguration;
			buildSettings = {
				ALWAYS_SEARCH_USER_PATHS = NO;
				CLANG_ANALYZER_NONNULL = YES;
				CLANG_ANALYZER_NUMBER_OBJECT_CONVERSION = YES_AGGRESSIVE;
				CLANG_CXX_LANGUAGE_STANDARD = "gnu++14";
				CLANG_CXX_LIBRARY = "libc++";
				CLANG_ENABLE_MODULES = YES;
				CLANG_ENABLE_OBJC_ARC = YES;
				CLANG_ENABLE_OBJC_WEAK = YES;
				CLANG_WARN_BLOCK_CAPTURE_AUTORELEASING = YES;
				CLANG_WARN_BOOL_CONVERSION = YES;
				CLANG_WARN_COMMA = YES;
				CLANG_WARN_CONSTANT_CONVERSION = YES;
				CLANG_WARN_DEPRECATED_OBJC_IMPLEMENTATIONS = YES;
				CLANG_WARN_DIRECT_OBJC_ISA_USAGE = YES_ERROR;
				CLANG_WARN_DOCUMENTATION_COMMENTS = YES;
				CLANG_WARN_EMPTY_BODY = YES;
				CLANG_WARN_ENUM_CONVERSION = YES;
				CLANG_WARN_INFINITE_RECURSION = YES;
				CLANG_WARN_INT_CONVERSION = YES;
				CLANG_WARN_NON_LITERAL_NULL_CONVERSION = YES;
				CLANG_WARN_OBJC_IMPLICIT_RETAIN_SELF = YES;
				CLANG_WARN_OBJC_LITERAL_CONVERSION = YES;
				CLANG_WARN_OBJC_ROOT_CLASS = YES_ERROR;
				CLANG_WARN_RANGE_LOOP_ANALYSIS = YES;
				CLANG_WARN_STRICT_PROTOTYPES = YES;
				CLANG_WARN_SUSPICIOUS_MOVE = YES;
				CLANG_WARN_UNGUARDED_AVAILABILITY = YES_AGGRESSIVE;
				CLANG_WARN_UNREACHABLE_CODE = YES;
				CLANG_WARN__DUPLICATE_METHOD_MATCH = YES;
				COPY_PHASE_STRIP = NO;
				DEBUG_INFORMATION_FORMAT = "dwarf-with-dsym";
				ENABLE_NS_ASSERTIONS = NO;
				ENABLE_STRICT_OBJC_MSGSEND = YES;
				GCC_C_LANGUAGE_STANDARD = gnu11;
				GCC_NO_COMMON_BLOCKS = YES;
				GCC_WARN_64_TO_32_BIT_CONVERSION = YES;
				GCC_WARN_ABOUT_RETURN_TYPE = YES_ERROR;
				GCC_WARN_UNDECLARED_SELECTOR = YES;
				GCC_WARN_UNINITIALIZED_AUTOS = YES_AGGRESSIVE;
				GCC_WARN_UNUSED_FUNCTION = YES;
				GCC_WARN_UNUSED_VARIABLE = YES;
				IPHONEOS_DEPLOYMENT_TARGET = 13.2;
				MTL_ENABLE_DEBUG_INFO = NO;
				MTL_FAST_MATH = YES;
				SDKROOT = iphoneos;
				SWIFT_COMPILATION_MODE = wholemodule;
				SWIFT_OPTIMIZATION_LEVEL = "-O";
				VALIDATE_PRODUCT = YES;
			};
			name = Release;
		};
		2BAC913D239A0E59004793C5 /* Debug */ = {
			isa = XCBuildConfiguration;
			buildSettings = {
				ASSETCATALOG_COMPILER_APPICON_NAME = AppIcon;
				CODE_SIGN_STYLE = Automatic;
				DEVELOPMENT_ASSET_PATHS = "\"BucketList/Preview Content\"";
				DEVELOPMENT_TEAM = 23GN8P9Q5M;
				ENABLE_PREVIEWS = YES;
				INFOPLIST_FILE = BucketList/Info.plist;
				LD_RUNPATH_SEARCH_PATHS = (
					"$(inherited)",
					"@executable_path/Frameworks",
				);
				PRODUCT_BUNDLE_IDENTIFIER = com.pbb.study.BucketList;
				PRODUCT_NAME = "$(TARGET_NAME)";
				SWIFT_VERSION = 5.0;
				TARGETED_DEVICE_FAMILY = "1,2";
			};
			name = Debug;
		};
		2BAC913E239A0E59004793C5 /* Release */ = {
			isa = XCBuildConfiguration;
			buildSettings = {
				ASSETCATALOG_COMPILER_APPICON_NAME = AppIcon;
				CODE_SIGN_STYLE = Automatic;
				DEVELOPMENT_ASSET_PATHS = "\"BucketList/Preview Content\"";
				DEVELOPMENT_TEAM = 23GN8P9Q5M;
				ENABLE_PREVIEWS = YES;
				INFOPLIST_FILE = BucketList/Info.plist;
				LD_RUNPATH_SEARCH_PATHS = (
					"$(inherited)",
					"@executable_path/Frameworks",
				);
				PRODUCT_BUNDLE_IDENTIFIER = com.pbb.study.BucketList;
				PRODUCT_NAME = "$(TARGET_NAME)";
				SWIFT_VERSION = 5.0;
				TARGETED_DEVICE_FAMILY = "1,2";
			};
			name = Release;
		};
/* End XCBuildConfiguration section */

/* Begin XCConfigurationList section */
		2BAC9123239A0E56004793C5 /* Build configuration list for PBXProject "BucketList" */ = {
			isa = XCConfigurationList;
			buildConfigurations = (
				2BAC913A239A0E59004793C5 /* Debug */,
				2BAC913B239A0E59004793C5 /* Release */,
			);
			defaultConfigurationIsVisible = 0;
			defaultConfigurationName = Release;
		};
		2BAC913C239A0E59004793C5 /* Build configuration list for PBXNativeTarget "BucketList" */ = {
			isa = XCConfigurationList;
			buildConfigurations = (
				2BAC913D239A0E59004793C5 /* Debug */,
				2BAC913E239A0E59004793C5 /* Release */,
			);
			defaultConfigurationIsVisible = 0;
			defaultConfigurationName = Release;
		};
/* End XCConfigurationList section */
	};
	rootObject = 2BAC9120239A0E56004793C5 /* Project object */;
}
